
Microsoft Visual Studio Solution File, Format Version 12.00
# Visual Studio Version 17
VisualStudioVersion = 17.6.33723.286
MinimumVisualStudioVersion = 10.0.40219.1
Project("{9A19103F-16F7-4668-BE54-9A1E7A4F7556}") = "Core.Enum", "0.Common\Core.Enum\Core.Enum.csproj", "{D8C7F40D-136E-4017-BD18-C3163452AE77}"
EndProject
Project("{9A19103F-16F7-4668-BE54-9A1E7A4F7556}") = "Core.Common", "0.Common\Core.Common\Core.Common.csproj", "{790076D5-D2F9-4A8A-BAD2-0A670EACD0A2}"
EndProject
Project("{9A19103F-16F7-4668-BE54-9A1E7A4F7556}") = "Core.Model", "1.Model\Core.Model\Core.Model.csproj", "{EC4A9296-D4B3-4726-AB63-265F9023A476}"
EndProject
Project("{9A19103F-16F7-4668-BE54-9A1E7A4F7556}") = "Core.ViewModel", "1.Model\Core.ViewModel\Core.ViewModel.csproj", "{EDC00AA3-6719-436D-90AC-2F3A91907923}"
EndProject
Project("{9A19103F-16F7-4668-BE54-9A1E7A4F7556}") = "Core.Redis", "2.Service\Core.Redis\Core.Redis.csproj", "{12B32CCF-E9CE-4CF5-BB79-08E74C09BD8F}"
EndProject
Project("{9A19103F-16F7-4668-BE54-9A1E7A4F7556}") = "Core.Service", "2.Service\Core.Service\Core.Service.csproj", "{2C6DC2D8-3CD8-4AD6-A2A5-D7B0FD1AC38B}"
EndProject
Project("{9A19103F-16F7-4668-BE54-9A1E7A4F7556}") = "Core.Business", "3.Business\Core.Business\Core.Business.csproj", "{65977378-942C-4296-90FB-F62A562E4F2C}"
EndProject
Project("{9A19103F-16F7-4668-BE54-9A1E7A4F7556}") = "Core.IBusiness", "3.Business\Core.IBusiness\Core.IBusiness.csproj", "{C1A44A6B-77D5-469F-82BE-3D8CCE99AF9B}"
EndProject
Project("{2150E333-8FDC-42A3-9474-1A3956D46DE8}") = "0.公共层", "0.公共层", "{EAD56A79-2EA0-411B-8377-D0C1940D9750}"
EndProject
Project("{2150E333-8FDC-42A3-9474-1A3956D46DE8}") = "2.数据层", "2.数据层", "{125B2DE3-804B-42B0-AC65-FBA759F9EAD9}"
EndProject
Project("{2150E333-8FDC-42A3-9474-1A3956D46DE8}") = "3.业务层", "3.业务层", "{AFE0F2B6-905A-4D24-A82C-A9178FC296BE}"
EndProject
Project("{2150E333-8FDC-42A3-9474-1A3956D46DE8}") = "4.服务层", "4.服务层", "{498DEB73-B6A9-42E4-B7EB-E27C7C1E6407}"
EndProject
Project("{2150E333-8FDC-42A3-9474-1A3956D46DE8}") = "1.模型层", "1.模型层", "{E4807133-48BF-48A7-8D9B-437504064F72}"
EndProject
Project("{9A19103F-16F7-4668-BE54-9A1E7A4F7556}") = "WebApi", "4.Host\WebApi\WebApi.csproj", "{39D8AF3A-73FE-42EC-8E70-46B484833DDA}"
EndProject
Global
	GlobalSection(SolutionConfigurationPlatforms) = preSolution
		Debug|Any CPU = Debug|Any CPU
		Release|Any CPU = Release|Any CPU
	EndGlobalSection
	GlobalSection(ProjectConfigurationPlatforms) = postSolution
		{D8C7F40D-136E-4017-BD18-C3163452AE77}.Debug|Any CPU.ActiveCfg = Debug|Any CPU
		{D8C7F40D-136E-4017-BD18-C3163452AE77}.Debug|Any CPU.Build.0 = Debug|Any CPU
		{D8C7F40D-136E-4017-BD18-C3163452AE77}.Release|Any CPU.ActiveCfg = Release|Any CPU
		{D8C7F40D-136E-4017-BD18-C3163452AE77}.Release|Any CPU.Build.0 = Release|Any CPU
		{790076D5-D2F9-4A8A-BAD2-0A670EACD0A2}.Debug|Any CPU.ActiveCfg = Debug|Any CPU
		{790076D5-D2F9-4A8A-BAD2-0A670EACD0A2}.Debug|Any CPU.Build.0 = Debug|Any CPU
		{790076D5-D2F9-4A8A-BAD2-0A670EACD0A2}.Release|Any CPU.ActiveCfg = Release|Any CPU
		{790076D5-D2F9-4A8A-BAD2-0A670EACD0A2}.Release|Any CPU.Build.0 = Release|Any CPU
		{EC4A9296-D4B3-4726-AB63-265F9023A476}.Debug|Any CPU.ActiveCfg = Debug|Any CPU
		{EC4A9296-D4B3-4726-AB63-265F9023A476}.Debug|Any CPU.Build.0 = Debug|Any CPU
		{EC4A9296-D4B3-4726-AB63-265F9023A476}.Release|Any CPU.ActiveCfg = Release|Any CPU
		{EC4A9296-D4B3-4726-AB63-265F9023A476}.Release|Any CPU.Build.0 = Release|Any CPU
		{EDC00AA3-6719-436D-90AC-2F3A91907923}.Debug|Any CPU.ActiveCfg = Debug|Any CPU
		{EDC00AA3-6719-436D-90AC-2F3A91907923}.Debug|Any CPU.Build.0 = Debug|Any CPU
		{EDC00AA3-6719-436D-90AC-2F3A91907923}.Release|Any CPU.ActiveCfg = Release|Any CPU
		{EDC00AA3-6719-436D-90AC-2F3A91907923}.Release|Any CPU.Build.0 = Release|Any CPU
		{12B32CCF-E9CE-4CF5-BB79-08E74C09BD8F}.Debug|Any CPU.ActiveCfg = Debug|Any CPU
		{12B32CCF-E9CE-4CF5-BB79-08E74C09BD8F}.Debug|Any CPU.Build.0 = Debug|Any CPU
		{12B32CCF-E9CE-4CF5-BB79-08E74C09BD8F}.Release|Any CPU.ActiveCfg = Release|Any CPU
		{12B32CCF-E9CE-4CF5-BB79-08E74C09BD8F}.Release|Any CPU.Build.0 = Release|Any CPU
		{2C6DC2D8-3CD8-4AD6-A2A5-D7B0FD1AC38B}.Debug|Any CPU.ActiveCfg = Debug|Any CPU
		{2C6DC2D8-3CD8-4AD6-A2A5-D7B0FD1AC38B}.Debug|Any CPU.Build.0 = Debug|Any CPU
		{2C6DC2D8-3CD8-4AD6-A2A5-D7B0FD1AC38B}.Release|Any CPU.ActiveCfg = Release|Any CPU
		{2C6DC2D8-3CD8-4AD6-A2A5-D7B0FD1AC38B}.Release|Any CPU.Build.0 = Release|Any CPU
		{65977378-942C-4296-90FB-F62A562E4F2C}.Debug|Any CPU.ActiveCfg = Debug|Any CPU
		{65977378-942C-4296-90FB-F62A562E4F2C}.Debug|Any CPU.Build.0 = Debug|Any CPU
		{65977378-942C-4296-90FB-F62A562E4F2C}.Release|Any CPU.ActiveCfg = Release|Any CPU
		{65977378-942C-4296-90FB-F62A562E4F2C}.Release|Any CPU.Build.0 = Release|Any CPU
		{C1A44A6B-77D5-469F-82BE-3D8CCE99AF9B}.Debug|Any CPU.ActiveCfg = Debug|Any CPU
		{C1A44A6B-77D5-469F-82BE-3D8CCE99AF9B}.Debug|Any CPU.Build.0 = Debug|Any CPU
		{C1A44A6B-77D5-469F-82BE-3D8CCE99AF9B}.Release|Any CPU.ActiveCfg = Release|Any CPU
		{C1A44A6B-77D5-469F-82BE-3D8CCE99AF9B}.Release|Any CPU.Build.0 = Release|Any CPU
		{39D8AF3A-73FE-42EC-8E70-46B484833DDA}.Debug|Any CPU.ActiveCfg = Debug|Any CPU
		{39D8AF3A-73FE-42EC-8E70-46B484833DDA}.Debug|Any CPU.Build.0 = Debug|Any CPU
		{39D8AF3A-73FE-42EC-8E70-46B484833DDA}.Release|Any CPU.ActiveCfg = Release|Any CPU
		{39D8AF3A-73FE-42EC-8E70-46B484833DDA}.Release|Any CPU.Build.0 = Release|Any CPU
	EndGlobalSection
	GlobalSection(SolutionProperties) = preSolution
		HideSolutionNode = FALSE
	EndGlobalSection
	GlobalSection(NestedProjects) = preSolution
		{D8C7F40D-136E-4017-BD18-C3163452AE77} = {EAD56A79-2EA0-411B-8377-D0C1940D9750}
		{790076D5-D2F9-4A8A-BAD2-0A670EACD0A2} = {EAD56A79-2EA0-411B-8377-D0C1940D9750}
		{EC4A9296-D4B3-4726-AB63-265F9023A476} = {E4807133-48BF-48A7-8D9B-437504064F72}
		{EDC00AA3-6719-436D-90AC-2F3A91907923} = {E4807133-48BF-48A7-8D9B-437504064F72}
		{12B32CCF-E9CE-4CF5-BB79-08E74C09BD8F} = {125B2DE3-804B-42B0-AC65-FBA759F9EAD9}
		{2C6DC2D8-3CD8-4AD6-A2A5-D7B0FD1AC38B} = {125B2DE3-804B-42B0-AC65-FBA759F9EAD9}
		{65977378-942C-4296-90FB-F62A562E4F2C} = {AFE0F2B6-905A-4D24-A82C-A9178FC296BE}
		{C1A44A6B-77D5-469F-82BE-3D8CCE99AF9B} = {AFE0F2B6-905A-4D24-A82C-A9178FC296BE}
		{39D8AF3A-73FE-42EC-8E70-46B484833DDA} = {498DEB73-B6A9-42E4-B7EB-E27C7C1E6407}
	EndGlobalSection
	GlobalSection(ExtensibilityGlobals) = postSolution
		SolutionGuid = {7B726138-B69D-4428-B40C-B76350C5C455}
	EndGlobalSection
EndGlobal
